
Microsoft Visual Studio Solution File, Format Version 12.00
# Visual Studio 15
VisualStudioVersion = 15.0.26124.0
MinimumVisualStudioVersion = 15.0.26124.0
Project("{FAE04EC0-301F-11D3-BF4B-00C04F79EFBC}") = "PizzaBox.Client", "PizzaBox.Client\PizzaBox.Client.csproj", "{310D41C8-F53F-4075-8F95-039597BE028D}"
EndProject
Project("{FAE04EC0-301F-11D3-BF4B-00C04F79EFBC}") = "PizzaBox.Domain", "PizzaBox.Domain\PizzaBox.Domain.csproj", "{98676F78-B780-475F-AB4C-9019C6001A21}"
EndProject
Project("{FAE04EC0-301F-11D3-BF4B-00C04F79EFBC}") = "PizzaBox.Testing", "PizzaBox.Testing\PizzaBox.Testing.csproj", "{20B947DF-B414-4195-88B9-1BDC3CB81AB9}"
EndProject
Project("{FAE04EC0-301F-11D3-BF4B-00C04F79EFBC}") = "PizzaBox.Data", "PizzaBox.Data\PizzaBox.Data.csproj", "{337B73A1-CDB7-4666-BCCD-61D4D2A0A6DD}"
EndProject
Global
	GlobalSection(SolutionConfigurationPlatforms) = preSolution
		Debug|Any CPU = Debug|Any CPU
		Debug|x64 = Debug|x64
		Debug|x86 = Debug|x86
		Release|Any CPU = Release|Any CPU
		Release|x64 = Release|x64
		Release|x86 = Release|x86
	EndGlobalSection
	GlobalSection(SolutionProperties) = preSolution
		HideSolutionNode = FALSE
	EndGlobalSection
	GlobalSection(ProjectConfigurationPlatforms) = postSolution
		{310D41C8-F53F-4075-8F95-039597BE028D}.Debug|Any CPU.ActiveCfg = Debug|Any CPU
		{310D41C8-F53F-4075-8F95-039597BE028D}.Debug|Any CPU.Build.0 = Debug|Any CPU
		{310D41C8-F53F-4075-8F95-039597BE028D}.Debug|x64.ActiveCfg = Debug|Any CPU
		{310D41C8-F53F-4075-8F95-039597BE028D}.Debug|x64.Build.0 = Debug|Any CPU
		{310D41C8-F53F-4075-8F95-039597BE028D}.Debug|x86.ActiveCfg = Debug|Any CPU
		{310D41C8-F53F-4075-8F95-039597BE028D}.Debug|x86.Build.0 = Debug|Any CPU
		{310D41C8-F53F-4075-8F95-039597BE028D}.Release|Any CPU.ActiveCfg = Release|Any CPU
		{310D41C8-F53F-4075-8F95-039597BE028D}.Release|Any CPU.Build.0 = Release|Any CPU
		{310D41C8-F53F-4075-8F95-039597BE028D}.Release|x64.ActiveCfg = Release|Any CPU
		{310D41C8-F53F-4075-8F95-039597BE028D}.Release|x64.Build.0 = Release|Any CPU
		{310D41C8-F53F-4075-8F95-039597BE028D}.Release|x86.ActiveCfg = Release|Any CPU
		{310D41C8-F53F-4075-8F95-039597BE028D}.Release|x86.Build.0 = Release|Any CPU
		{98676F78-B780-475F-AB4C-9019C6001A21}.Debug|Any CPU.ActiveCfg = Debug|Any CPU
		{98676F78-B780-475F-AB4C-9019C6001A21}.Debug|Any CPU.Build.0 = Debug|Any CPU
		{98676F78-B780-475F-AB4C-9019C6001A21}.Debug|x64.ActiveCfg = Debug|Any CPU
		{98676F78-B780-475F-AB4C-9019C6001A21}.Debug|x64.Build.0 = Debug|Any CPU
		{98676F78-B780-475F-AB4C-9019C6001A21}.Debug|x86.ActiveCfg = Debug|Any CPU
		{98676F78-B780-475F-AB4C-9019C6001A21}.Debug|x86.Build.0 = Debug|Any CPU
		{98676F78-B780-475F-AB4C-9019C6001A21}.Release|Any CPU.ActiveCfg = Release|Any CPU
		{98676F78-B780-475F-AB4C-9019C6001A21}.Release|Any CPU.Build.0 = Release|Any CPU
		{98676F78-B780-475F-AB4C-9019C6001A21}.Release|x64.ActiveCfg = Release|Any CPU
		{98676F78-B780-475F-AB4C-9019C6001A21}.Release|x64.Build.0 = Release|Any CPU
		{98676F78-B780-475F-AB4C-9019C6001A21}.Release|x86.ActiveCfg = Release|Any CPU
		{98676F78-B780-475F-AB4C-9019C6001A21}.Release|x86.Build.0 = Release|Any CPU
		{20B947DF-B414-4195-88B9-1BDC3CB81AB9}.Debug|Any CPU.ActiveCfg = Debug|Any CPU
		{20B947DF-B414-4195-88B9-1BDC3CB81AB9}.Debug|Any CPU.Build.0 = Debug|Any CPU
		{20B947DF-B414-4195-88B9-1BDC3CB81AB9}.Debug|x64.ActiveCfg = Debug|Any CPU
		{20B947DF-B414-4195-88B9-1BDC3CB81AB9}.Debug|x64.Build.0 = Debug|Any CPU
		{20B947DF-B414-4195-88B9-1BDC3CB81AB9}.Debug|x86.ActiveCfg = Debug|Any CPU
		{20B947DF-B414-4195-88B9-1BDC3CB81AB9}.Debug|x86.Build.0 = Debug|Any CPU
		{20B947DF-B414-4195-88B9-1BDC3CB81AB9}.Release|Any CPU.ActiveCfg = Release|Any CPU
		{20B947DF-B414-4195-88B9-1BDC3CB81AB9}.Release|Any CPU.Build.0 = Release|Any CPU
		{20B947DF-B414-4195-88B9-1BDC3CB81AB9}.Release|x64.ActiveCfg = Release|Any CPU
		{20B947DF-B414-4195-88B9-1BDC3CB81AB9}.Release|x64.Build.0 = Release|Any CPU
		{20B947DF-B414-4195-88B9-1BDC3CB81AB9}.Release|x86.ActiveCfg = Release|Any CPU
		{20B947DF-B414-4195-88B9-1BDC3CB81AB9}.Release|x86.Build.0 = Release|Any CPU
		{337B73A1-CDB7-4666-BCCD-61D4D2A0A6DD}.Debug|Any CPU.ActiveCfg = Debug|Any CPU
		{337B73A1-CDB7-4666-BCCD-61D4D2A0A6DD}.Debug|Any CPU.Build.0 = Debug|Any CPU
		{337B73A1-CDB7-4666-BCCD-61D4D2A0A6DD}.Debug|x64.ActiveCfg = Debug|Any CPU
		{337B73A1-CDB7-4666-BCCD-61D4D2A0A6DD}.Debug|x64.Build.0 = Debug|Any CPU
		{337B73A1-CDB7-4666-BCCD-61D4D2A0A6DD}.Debug|x86.ActiveCfg = Debug|Any CPU
		{337B73A1-CDB7-4666-BCCD-61D4D2A0A6DD}.Debug|x86.Build.0 = Debug|Any CPU
		{337B73A1-CDB7-4666-BCCD-61D4D2A0A6DD}.Release|Any CPU.ActiveCfg = Release|Any CPU
		{337B73A1-CDB7-4666-BCCD-61D4D2A0A6DD}.Release|Any CPU.Build.0 = Release|Any CPU
		{337B73A1-CDB7-4666-BCCD-61D4D2A0A6DD}.Release|x64.ActiveCfg = Release|Any CPU
		{337B73A1-CDB7-4666-BCCD-61D4D2A0A6DD}.Release|x64.Build.0 = Release|Any CPU
		{337B73A1-CDB7-4666-BCCD-61D4D2A0A6DD}.Release|x86.ActiveCfg = Release|Any CPU
		{337B73A1-CDB7-4666-BCCD-61D4D2A0A6DD}.Release|x86.Build.0 = Release|Any CPU
	EndGlobalSection
EndGlobal
